
Microsoft Visual Studio Solution File, Format Version 12.00
# Visual Studio 2012
Project("{F184B08F-C81C-45F6-A57F-5ABD9991F28F}") = "Pig Latin", "Pig Latin\Pig Latin.vbproj", "{3AEB8597-9B90-4D0C-8584-7A4B9D006E62}"
EndProject
Global
	GlobalSection(SolutionConfigurationPlatforms) = preSolution
		Debug|Any CPU = Debug|Any CPU
		Release|Any CPU = Release|Any CPU
	EndGlobalSection
	GlobalSection(ProjectConfigurationPlatforms) = postSolution
		{3AEB8597-9B90-4D0C-8584-7A4B9D006E62}.Debug|Any CPU.ActiveCfg = Debug|Any CPU
		{3AEB8597-9B90-4D0C-8584-7A4B9D006E62}.Debug|Any CPU.Build.0 = Debug|Any CPU
		{3AEB8597-9B90-4D0C-8584-7A4B9D006E62}.Release|Any CPU.ActiveCfg = Release|Any CPU
		{3AEB8597-9B90-4D0C-8584-7A4B9D006E62}.Release|Any CPU.Build.0 = Release|Any CPU
	EndGlobalSection
	GlobalSection(SolutionProperties) = preSolution
		HideSolutionNode = FALSE
	EndGlobalSection
EndGlobal
